<?xml version="1.0" encoding="utf-8"?>
<Project ToolsVersion="4.0" xmlns="http://schemas.microsoft.com/developer/msbuild/2003">
  <ItemGroup>
    <ClCompile Include="..\..\libmediainfo\File_Dummy.cpp" />
    <ClCompile Include="..\..\libmediainfo\File_Other.cpp" />
    <ClCompile Include="..\..\libmediainfo\File_Unknown.cpp" />
    <ClCompile Include="..\..\libmediainfo\File__Analyze.cpp" />
    <ClCompile Include="..\..\libmediainfo\File__Analyze_Buffer.cpp" />
    <ClCompile Include="..\..\libmediainfo\File__Analyze_Buffer_MinimizeSize.cpp" />
    <ClCompile Include="..\..\libmediainfo\File__Analyze_Streams.cpp" />
    <ClCompile Include="..\..\libmediainfo\File__Analyze_Streams_Finish.cpp" />
    <ClCompile Include="..\..\libmediainfo\File__Base.cpp" />
    <ClCompile Include="..\..\libmediainfo\File__Duplicate.cpp" />
    <ClCompile Include="..\..\libmediainfo\File__MultipleParsing.cpp" />
    <ClCompile Include="..\..\libmediainfo\MediaInfo.cpp" />
    <ClCompile Include="..\..\libmediainfo\MediaInfoList.cpp" />
    <ClCompile Include="..\..\libmediainfo\MediaInfoList_Internal.cpp" />
    <ClCompile Include="..\..\libmediainfo\MediaInfo_Config.cpp" />
    <ClCompile Include="..\..\libmediainfo\MediaInfo_Config_Automatic.cpp" />
    <ClCompile Include="..\..\libmediainfo\MediaInfo_Config_MediaInfo.cpp" />
    <ClCompile Include="..\..\libmediainfo\MediaInfo_File.cpp" />
    <ClCompile Include="..\..\libmediainfo\MediaInfo_Inform.cpp" />
    <ClCompile Include="..\..\libmediainfo\MediaInfo_Internal.cpp" />
    <ClCompile Include="..\..\libmediainfo\PreComp.cpp" />
    <ClCompile Include="..\..\libmediainfo\TimeCode.cpp" />
    <ClCompile Include="..\..\libmediainfo\Archive\File_7z.cpp" />
    <ClCompile Include="..\..\libmediainfo\Archive\File_Ace.cpp" />
    <ClCompile Include="..\..\libmediainfo\Archive\File_Bzip2.cpp" />
    <ClCompile Include="..\..\libmediainfo\Archive\File_Elf.cpp" />
    <ClCompile Include="..\..\libmediainfo\Archive\File_Gzip.cpp" />
    <ClCompile Include="..\..\libmediainfo\Archive\File_Iso9660.cpp" />
    <ClCompile Include="..\..\libmediainfo\Archive\File_Mz.cpp" />
    <ClCompile Include="..\..\libmediainfo\Archive\File_Rar.cpp" />
    <ClCompile Include="..\..\libmediainfo\Archive\File_Tar.cpp" />
    <ClCompile Include="..\..\libmediainfo\Archive\File_Zip.cpp" />
    <ClCompile Include="..\..\libmediainfo\Audio\File_Aac.cpp" />
    <ClCompile Include="..\..\libmediainfo\Audio\File_Aac_GeneralAudio.cpp" />
    <ClCompile Include="..\..\libmediainfo\Audio\File_Aac_GeneralAudio_Sbr.cpp" />
    <ClCompile Include="..\..\libmediainfo\Audio\File_Aac_GeneralAudio_Sbr_Ps.cpp" />
    <ClCompile Include="..\..\libmediainfo\Audio\File_Aac_Main.cpp" />
    <ClCompile Include="..\..\libmediainfo\Audio\File_Aac_Others.cpp" />
    <ClCompile Include="..\..\libmediainfo\Audio\File_Ac3.cpp" />
    <ClCompile Include="..\..\libmediainfo\Audio\File_Adpcm.cpp" />
    <ClCompile Include="..\..\libmediainfo\Audio\File_Als.cpp" />
    <ClCompile Include="..\..\libmediainfo\Audio\File_Amr.cpp" />
    <ClCompile Include="..\..\libmediainfo\Audio\File_Amv.cpp" />
    <ClCompile Include="..\..\libmediainfo\Audio\File_Ape.cpp" />
    <ClCompile Include="..\..\libmediainfo\Audio\File_Au.cpp" />
    <ClCompile Include="..\..\libmediainfo\Audio\File_Celt.cpp" />
    <ClCompile Include="..\..\libmediainfo\Audio\File_ChannelGrouping.cpp" />
    <ClCompile Include="..\..\libmediainfo\Audio\File_DolbyE.cpp" />
    <ClCompile Include="..\..\libmediainfo\Audio\File_Dts.cpp" />
    <ClCompile Include="..\..\libmediainfo\Audio\File_ExtendedModule.cpp" />
    <ClCompile Include="..\..\libmediainfo\Audio\File_Flac.cpp" />
    <ClCompile Include="..\..\libmediainfo\Audio\File_ImpulseTracker.cpp" />
    <ClCompile Include="..\..\libmediainfo\Audio\File_La.cpp" />
    <ClCompile Include="..\..\libmediainfo\Audio\File_Midi.cpp" />
    <ClCompile Include="..\..\libmediainfo\Audio\File_Module.cpp" />
    <ClCompile Include="..\..\libmediainfo\Audio\File_Mpc.cpp" />
    <ClCompile Include="..\..\libmediainfo\Audio\File_MpcSv8.cpp" />
    <ClCompile Include="..\..\libmediainfo\Audio\File_Mpega.cpp" />
    <ClCompile Include="..\..\libmediainfo\Audio\File_Opus.cpp" />
    <ClCompile Include="..\..\libmediainfo\Audio\File_Pcm.cpp" />
    <ClCompile Include="..\..\libmediainfo\Audio\File_Pcm_M2ts.cpp" />
    <ClCompile Include="..\..\libmediainfo\Audio\File_Pcm_Vob.cpp" />
    <ClCompile Include="..\..\libmediainfo\Audio\File_Ps2Audio.cpp" />
    <ClCompile Include="..\..\libmediainfo\Audio\File_Rkau.cpp" />
    <ClCompile Include="..\..\libmediainfo\Audio\File_ScreamTracker3.cpp" />
    <ClCompile Include="..\..\libmediainfo\Audio\File_SmpteSt0302.cpp" />
    <ClCompile Include="..\..\libmediainfo\Audio\File_SmpteSt0331.cpp" />
    <ClCompile Include="..\..\libmediainfo\Audio\File_SmpteSt0337.cpp" />
    <ClCompile Include="..\..\libmediainfo\Audio\File_Speex.cpp" />
    <ClCompile Include="..\..\libmediainfo\Audio\File_Tak.cpp" />
    <ClCompile Include="..\..\libmediainfo\Audio\File_Tta.cpp" />
    <ClCompile Include="..\..\libmediainfo\Audio\File_TwinVQ.cpp" />
    <ClCompile Include="..\..\libmediainfo\Audio\File_Vorbis.cpp" />
    <ClCompile Include="..\..\libmediainfo\Audio\File_Wvpk.cpp" />
    <ClCompile Include="..\..\libmediainfo\Duplicate\File__Duplicate_MpegTs.cpp" />
    <ClCompile Include="..\..\libmediainfo\Duplicate\File__Duplicate__Base.cpp" />
    <ClCompile Include="..\..\libmediainfo\Duplicate\File__Duplicate__Writer.cpp" />
    <ClCompile Include="..\..\libmediainfo\Export\Export_Mpeg7.cpp" />
    <ClCompile Include="..\..\libmediainfo\Export\Export_PBCore.cpp" />
    <ClCompile Include="..\..\libmediainfo\Export\Export_reVTMD.cpp" />
    <ClCompile Include="..\..\libmediainfo\Image\File_Bmp.cpp" />
    <ClCompile Include="..\..\libmediainfo\Image\File_Dpx.cpp" />
    <ClCompile Include="..\..\libmediainfo\Image\File_Exr.cpp" />
    <ClCompile Include="..\..\libmediainfo\Image\File_Gif.cpp" />
    <ClCompile Include="..\..\libmediainfo\Image\File_Ico.cpp" />
    <ClCompile Include="..\..\libmediainfo\Image\File_Jpeg.cpp" />
    <ClCompile Include="..\..\libmediainfo\Image\File_Pcx.cpp" />
    <ClCompile Include="..\..\libmediainfo\Image\File_Png.cpp" />
    <ClCompile Include="..\..\libmediainfo\Image\File_Psd.cpp" />
    <ClCompile Include="..\..\libmediainfo\Image\File_Rle.cpp" />
    <ClCompile Include="..\..\libmediainfo\Image\File_Tga.cpp" />
    <ClCompile Include="..\..\libmediainfo\Image\File_Tiff.cpp" />
    <ClCompile Include="..\..\libmediainfo\Multiple\File_Ancillary.cpp" />
    <ClCompile Include="..\..\libmediainfo\Multiple\File_Bdmv.cpp" />
    <ClCompile Include="..\..\libmediainfo\Multiple\File_Cdxa.cpp" />
    <ClCompile Include="..\..\libmediainfo\Multiple\File_Dcp.cpp" />
    <ClCompile Include="..\..\libmediainfo\Multiple\File_Dpg.cpp" />
    <ClCompile Include="..\..\libmediainfo\Multiple\File_DvDif.cpp" />
    <ClCompile Include="..\..\libmediainfo\Multiple\File_DvDif_Analysis.cpp" />
    <ClCompile Include="..\..\libmediainfo\Multiple\File_Dvdv.cpp" />
    <ClCompile Include="..\..\libmediainfo\Multiple\File_Dxw.cpp" />
    <ClCompile Include="..\..\libmediainfo\Multiple\File_Flv.cpp" />
    <ClCompile Include="..\..\libmediainfo\Multiple\File_Gxf.cpp" />
    <ClCompile Include="..\..\libmediainfo\Multiple\File_Gxf_TimeCode.cpp" />
    <ClCompile Include="..\..\libmediainfo\Multiple\File_Hls.cpp" />
    <ClCompile Include="..\..\libmediainfo\Multiple\File_Ibi.cpp" />
    <ClCompile Include="..\..\libmediainfo\Multiple\File_Ibi_Creation.cpp" />
    <ClCompile Include="..\..\libmediainfo\Multiple\File_Ism.cpp" />
    <ClCompile Include="..\..\libmediainfo\Multiple\File_Ivf.cpp" />
    <ClCompile Include="..\..\libmediainfo\Multiple\File_Lxf.cpp" />
    <ClCompile Include="..\..\libmediainfo\Multiple\File_Mk.cpp" />
    <ClCompile Include="..\..\libmediainfo\Multiple\File_Mpeg4.cpp" />
    <ClCompile Include="..\..\libmediainfo\Multiple\File_Mpeg4_Descriptors.cpp" />
    <ClCompile Include="..\..\libmediainfo\Multiple\File_Mpeg4_Elements.cpp" />
    <ClCompile Include="..\..\libmediainfo\Multiple\File_Mpeg4_TimeCode.cpp" />
    <ClCompile Include="..\..\libmediainfo\Multiple\File_MpegPs.cpp" />
    <ClCompile Include="..\..\libmediainfo\Multiple\File_MpegTs.cpp" />
    <ClCompile Include="..\..\libmediainfo\Multiple\File_MpegTs_Duplicate.cpp" />
    <ClCompile Include="..\..\libmediainfo\Multiple\File_Mpeg_Descriptors.cpp" />
    <ClCompile Include="..\..\libmediainfo\Multiple\File_Mpeg_Psi.cpp" />
    <ClCompile Include="..\..\libmediainfo\Multiple\File_Mxf.cpp" />
    <ClCompile Include="..\..\libmediainfo\Multiple\File_Nut.cpp" />
    <ClCompile Include="..\..\libmediainfo\Multiple\File_Ogg.cpp" />
    <ClCompile Include="..\..\libmediainfo\Multiple\File_Ogg_SubElement.cpp" />
    <ClCompile Include="..\..\libmediainfo\Multiple\File_P2_Clip.cpp" />
    <ClCompile Include="..\..\libmediainfo\Multiple\File_Pmp.cpp" />
    <ClCompile Include="..\..\libmediainfo\Multiple\File_Riff.cpp" />
    <ClCompile Include="..\..\libmediainfo\Multiple\File_Riff_Elements.cpp" />
    <ClCompile Include="..\..\libmediainfo\Multiple\File_Rm.cpp" />
    <ClCompile Include="..\..\libmediainfo\Multiple\File_SequenceInfo.cpp" />
    <ClCompile Include="..\..\libmediainfo\Multiple\File_Skm.cpp" />
    <ClCompile Include="..\..\libmediainfo\Multiple\File_Swf.cpp" />
    <ClCompile Include="..\..\libmediainfo\Multiple\File_Umf.cpp" />
    <ClCompile Include="..\..\libmediainfo\Multiple\File_Wm.cpp" />
    <ClCompile Include="..\..\libmediainfo\Multiple\File_Wm_Elements.cpp" />
    <ClCompile Include="..\..\libmediainfo\Multiple\File_Xdcam_Clip.cpp" />
    <ClCompile Include="..\..\libmediainfo\Multiple\File__ReferenceFilesHelper.cpp" />
    <ClCompile Include="..\..\libmediainfo\Reader\Reader_Directory.cpp" />
    <ClCompile Include="..\..\libmediainfo\Reader\Reader_File.cpp" />
    <ClCompile Include="..\..\libmediainfo\Reader\Reader_libcurl.cpp" />
    <ClCompile Include="..\..\libmediainfo\Reader\Reader_libmms.cpp" />
    <ClCompile Include="..\..\libmediainfo\Tag\File_ApeTag.cpp" />
    <ClCompile Include="..\..\libmediainfo\Tag\File_Id3.cpp" />
    <ClCompile Include="..\..\libmediainfo\Tag\File_Id3v2.cpp" />
    <ClCompile Include="..\..\libmediainfo\Tag\File_Lyrics3.cpp" />
    <ClCompile Include="..\..\libmediainfo\Tag\File_Lyrics3v2.cpp" />
    <ClCompile Include="..\..\libmediainfo\Tag\File_VorbisCom.cpp" />
    <ClCompile Include="..\..\libmediainfo\Tag\File__Tags.cpp" />
    <ClCompile Include="..\..\libmediainfo\Text\File_AribStdB24B37.cpp" />
    <ClCompile Include="..\..\libmediainfo\Text\File_Cdp.cpp" />
    <ClCompile Include="..\..\libmediainfo\Text\File_Cmml.cpp" />
    <ClCompile Include="..\..\libmediainfo\Text\File_DtvccTransport.cpp" />
    <ClCompile Include="..\..\libmediainfo\Text\File_DvbSubtitle.cpp" />
    <ClCompile Include="..\..\libmediainfo\Text\File_Eia608.cpp" />
    <ClCompile Include="..\..\libmediainfo\Text\File_Eia708.cpp" />
    <ClCompile Include="..\..\libmediainfo\Text\File_Kate.cpp" />
    <ClCompile Include="..\..\libmediainfo\Text\File_N19.cpp" />
    <ClCompile Include="..\..\libmediainfo\Text\File_OtherText.cpp" />
    <ClCompile Include="..\..\libmediainfo\Text\File_Pgs.cpp" />
    <ClCompile Include="..\..\libmediainfo\Text\File_Scc.cpp" />
    <ClCompile Include="..\..\libmediainfo\Text\File_Scte20.cpp" />
    <ClCompile Include="..\..\libmediainfo\Text\File_SubRip.cpp" />
    <ClCompile Include="..\..\libmediainfo\Text\File_Teletext.cpp" />
    <ClCompile Include="..\..\libmediainfo\Text\File_TimedText.cpp" />
    <ClCompile Include="..\..\libmediainfo\Text\File_Ttml.cpp" />
    <ClCompile Include="..\..\libmediainfo\Video\File_AfdBarData.cpp" />
    <ClCompile Include="..\..\libmediainfo\Video\File_Aic.cpp" />
    <ClCompile Include="..\..\libmediainfo\Video\File_Avc.cpp" />
    <ClCompile Include="..\..\libmediainfo\Video\File_Avc_Duplicate.cpp" />
    <ClCompile Include="..\..\libmediainfo\Video\File_AvsV.cpp" />
    <ClCompile Include="..\..\libmediainfo\Video\File_Canopus.cpp" />
    <ClCompile Include="..\..\libmediainfo\Video\File_Dirac.cpp" />
    <ClCompile Include="..\..\libmediainfo\Video\File_Flic.cpp" />
    <ClCompile Include="..\..\libmediainfo\Video\File_Fraps.cpp" />
    <ClCompile Include="..\..\libmediainfo\Video\File_H263.cpp" />
    <ClCompile Include="..\..\libmediainfo\Video\File_Hevc.cpp" />
    <ClCompile Include="..\..\libmediainfo\Video\File_Lagarith.cpp" />
    <ClCompile Include="..\..\libmediainfo\Video\File_Mpeg4v.cpp" />
    <ClCompile Include="..\..\libmediainfo\Video\File_Mpegv.cpp" />
    <ClCompile Include="..\..\libmediainfo\Video\File_ProRes.cpp" />
    <ClCompile Include="..\..\libmediainfo\Video\File_Theora.cpp" />
    <ClCompile Include="..\..\libmediainfo\Video\File_Vc1.cpp" />
    <ClCompile Include="..\..\libmediainfo\Video\File_Vc3.cpp" />
    <ClCompile Include="..\..\libmediainfo\Video\File_Vp8.cpp" />
    <ClCompile Include="..\..\libmediainfo\Video\File_Y4m.cpp" />
    <ClCompile Include="..\..\libmediainfo\3rdParty\md5.c" />
    <ClCompile Include="..\..\libmediainfo\3rdParty\tinyxml2.cpp" />
  </ItemGroup>
</Project>